<?xml version="1.0" encoding="UTF-8" standalone="yes" ?>
<CodeBlocks_project_file>
	<FileVersion major="1" minor="6" />
	<Project>
		<Option title="saya" />
		<Option pch_mode="0" />
		<Option compiler="gcc" />
		<Build>
			<Target title="moc">
				<Option type="4" />
				<Option compiler="gcc" />
			</Target>
			<Target title="Debug">
				<Option output="bin/saya-debug" prefix_auto="1" extension_auto="1" />
				<Option object_output="obj/Debug" />
				<Option type="1" />
				<Option compiler="gcc" />
				<Option use_console_runner="0" />
				<Option projectLinkerOptionsRelation="2" />
				<Compiler>
					<Add option="-g" />
				</Compiler>
			</Target>
			<Target title="Release">
				<Option output="bin/Release/saya" prefix_auto="1" extension_auto="1" />
				<Option object_output="obj/Release/" />
				<Option type="0" />
				<Option compiler="gcc" />
				<Option projectLinkerOptionsRelation="2" />
				<Compiler>
					<Add option="-O2" />
				</Compiler>
				<Linker>
					<Add option="-s" />
				</Linker>
			</Target>
		</Build>
		<Compiler>
			<Add option="-march=i486" />
			<Add option="-Wall" />
			<Add option="-pipe" />
			<Add option='[[if (PLATFORM == PLATFORM_MSW) print(_T(&quot;-mthreads -D__GNUWIN32__ -D__WXMSW__&quot;));;]]' />
			<Add option="-DTIXML_USE_STL" />
			<Add option="-DSY_QSTRING_COMPATIBILITY" />
			<Add directory="$(#qt4.include)" />
			<Add directory="$(#qt4.include)/QtGui" />
			<Add directory="$(#qt4.include)/QtCore" />
			<Add directory="$(#qt4.include)/QtSvg" />
		</Compiler>
		<Linker>
			<Add option="-pipe" />
			<Add option='[[if (PLATFORM == PLATFORM_MSW) print(_T(&quot;-mthreads -lintl.dll&quot;));;]]' />
			<Add library="QtCore$(#qt4.libsuffix)" />
			<Add library="QtGui$(#qt4.libsuffix)" />
			<Add library="QtSvg$(#qt4.libsuffix)" />
			<Add directory="$(#qt4.lib)" />
		</Linker>
		<Unit filename="LICENSE.txt">
			<Option target="Debug" />
			<Option target="Release" />
		</Unit>
		<Unit filename="drafts/high_priority_tasks.txt">
			<Option target="Debug" />
		</Unit>
		<Unit filename="drafts/monitor_preview.txt">
			<Option target="Debug" />
		</Unit>
		<Unit filename="drafts/renderer.txt">
			<Option target="Debug" />
		</Unit>
		<Unit filename="drafts/undoredo.txt">
			<Option target="Debug" />
		</Unit>
		<Unit filename="main.cpp">
			<Option target="Debug" />
			<Option target="Release" />
		</Unit>
		<Unit filename="main.h">
			<Option target="Debug" />
			<Option target="Release" />
		</Unit>
		<Unit filename="plugins/demovideo.cpp">
			<Option target="Debug" />
			<Option target="Release" />
		</Unit>
		<Unit filename="resources/deprecated/README">
			<Option target="Debug" />
			<Option target="Release" />
		</Unit>
		<Unit filename="resources/deprecated/debuglog.fbp">
			<Option target="Debug" />
			<Option target="Release" />
		</Unit>
		<Unit filename="resources/deprecated/mainmenu.xrc">
			<Option target="Debug" />
			<Option target="Release" />
		</Unit>
		<Unit filename="resources/deprecated/newproject.fbp">
			<Option target="Debug" />
			<Option target="Release" />
		</Unit>
		<Unit filename="resources/deprecated/newproject.xrc">
			<Option target="Debug" />
			<Option target="Release" />
		</Unit>
		<Unit filename="resources/deprecated/pickname.fbp">
			<Option target="Debug" />
			<Option target="Release" />
		</Unit>
		<Unit filename="resources/deprecated/pickname.xrc">
			<Option target="Debug" />
			<Option target="Release" />
		</Unit>
		<Unit filename="resources/deprecated/saya_welcome.fbp">
			<Option target="Debug" />
			<Option target="Release" />
		</Unit>
		<Unit filename="resources/deprecated/welcome.xrc">
			<Option target="Debug" />
			<Option target="Release" />
		</Unit>
		<Unit filename="resources/deprecated/wxplaybackcontrolpanel.fbp">
			<Option target="Debug" />
			<Option target="Release" />
		</Unit>
		<Unit filename="resources/mainwindow.ui">
			<Option target="Debug" />
			<Option target="Release" />
		</Unit>
		<Unit filename="resources/newproject.ui">
			<Option target="Debug" />
			<Option target="Release" />
		</Unit>
		<Unit filename="resources/playbackcontrol.qrc">
			<Option target="Debug" />
			<Option target="Release" />
		</Unit>
		<Unit filename="resources/playbackcontrol.rcc">
			<Option target="Debug" />
			<Option target="Release" />
		</Unit>
		<Unit filename="resources/projectpane.ui">
			<Option target="Debug" />
			<Option target="Release" />
		</Unit>
		<Unit filename="resources/welcomedlg.qrc">
			<Option target="Debug" />
			<Option target="Release" />
		</Unit>
		<Unit filename="resources/welcomedlg.ui">
			<Option target="Debug" />
			<Option target="Release" />
		</Unit>
		<Unit filename="saya/core/aborter.cpp">
			<Option weight="10" />
			<Option target="Debug" />
			<Option target="Release" />
		</Unit>
		<Unit filename="saya/core/aborter.h">
			<Option target="Debug" />
			<Option target="Release" />
		</Unit>
		<Unit filename="saya/core/app.cpp">
			<Option target="Debug" />
			<Option target="Release" />
		</Unit>
		<Unit filename="saya/core/app.h">
			<Option target="Debug" />
			<Option target="Release" />
		</Unit>
		<Unit filename="saya/core/atomic.h">
			<Option target="Debug" />
			<Option target="Release" />
		</Unit>
		<Unit filename="saya/core/audiobuffer.cpp">
			<Option weight="10" />
			<Option target="Debug" />
			<Option target="Release" />
		</Unit>
		<Unit filename="saya/core/audiobuffer.h">
			<Option target="Debug" />
			<Option target="Release" />
		</Unit>
		<Unit filename="saya/core/audioinputdevice.cpp">
			<Option weight="10" />
			<Option target="Debug" />
			<Option target="Release" />
		</Unit>
		<Unit filename="saya/core/audioinputdevice.h">
			<Option target="Debug" />
			<Option target="Release" />
		</Unit>
		<Unit filename="saya/core/audiooutputdevice.cpp">
			<Option weight="10" />
			<Option target="Debug" />
			<Option target="Release" />
		</Unit>
		<Unit filename="saya/core/audiooutputdevice.h">
			<Option target="Debug" />
			<Option target="Release" />
		</Unit>
		<Unit filename="saya/core/avcontroller.cpp">
			<Option weight="10" />
			<Option target="Debug" />
			<Option target="Release" />
		</Unit>
		<Unit filename="saya/core/avcontroller.h">
			<Option target="Debug" />
			<Option target="Release" />
		</Unit>
		<Unit filename="saya/core/avdevice.cpp">
			<Option weight="10" />
			<Option target="Debug" />
			<Option target="Release" />
		</Unit>
		<Unit filename="saya/core/avdevice.h">
			<Option target="Debug" />
			<Option target="Release" />
		</Unit>
		<Unit filename="saya/core/avtypes.h">
			<Option target="Debug" />
			<Option target="Release" />
		</Unit>
		<Unit filename="saya/core/config.cpp">
			<Option target="Debug" />
			<Option target="Release" />
		</Unit>
		<Unit filename="saya/core/config.h">
			<Option target="Debug" />
			<Option target="Release" />
		</Unit>
		<Unit filename="saya/core/debuglog.cpp">
			<Option target="Debug" />
			<Option target="Release" />
		</Unit>
		<Unit filename="saya/core/debuglog.h">
			<Option target="Debug" />
			<Option target="Release" />
		</Unit>
		<Unit filename="saya/core/dialogs.cpp">
			<Option target="Debug" />
			<Option target="Release" />
		</Unit>
		<Unit filename="saya/core/dialogs.h">
			<Option target="Debug" />
			<Option target="Release" />
		</Unit>
		<Unit filename="saya/core/eventqueue.h">
			<Option target="Debug" />
			<Option target="Release" />
		</Unit>
		<Unit filename="saya/core/events.cpp">
			<Option target="Debug" />
			<Option target="Release" />
		</Unit>
		<Unit filename="saya/core/events.h">
			<Option target="Debug" />
			<Option target="Release" />
		</Unit>
		<Unit filename="saya/core/evtregistry.h">
			<Option target="Debug" />
			<Option target="Release" />
		</Unit>
		<Unit filename="saya/core/filevid.cpp">
			<Option weight="10" />
			<Option target="Debug" />
			<Option target="Release" />
		</Unit>
		<Unit filename="saya/core/filevid.h">
			<Option target="Debug" />
			<Option target="Release" />
		</Unit>
		<Unit filename="saya/core/intl.h">
			<Option target="Debug" />
			<Option target="Release" />
		</Unit>
		<Unit filename="saya/core/iocommon.cpp">
			<Option weight="10" />
			<Option target="Debug" />
			<Option target="Release" />
		</Unit>
		<Unit filename="saya/core/iocommon.h">
			<Option target="Debug" />
			<Option target="Release" />
		</Unit>
		<Unit filename="saya/core/nullvid.cpp">
			<Option weight="10" />
			<Option target="Debug" />
			<Option target="Release" />
		</Unit>
		<Unit filename="saya/core/nullvid.h">
			<Option target="Debug" />
			<Option target="Release" />
		</Unit>
		<Unit filename="saya/core/qprof/atomic_ops.h">
			<Option target="Debug" />
			<Option target="Release" />
		</Unit>
		<Unit filename="saya/core/qprof/atomic_ops/generalize.h">
			<Option target="Debug" />
			<Option target="Release" />
		</Unit>
		<Unit filename="saya/core/qprof/atomic_ops/sysdeps/acquire_release_volatile.h">
			<Option target="Debug" />
			<Option target="Release" />
		</Unit>
		<Unit filename="saya/core/qprof/atomic_ops/sysdeps/aligned_atomic_load_store.h">
			<Option target="Debug" />
			<Option target="Release" />
		</Unit>
		<Unit filename="saya/core/qprof/atomic_ops/sysdeps/atomic_load_store.h">
			<Option target="Debug" />
			<Option target="Release" />
		</Unit>
		<Unit filename="saya/core/qprof/atomic_ops/sysdeps/ecc/ia64.h">
			<Option target="Debug" />
			<Option target="Release" />
		</Unit>
		<Unit filename="saya/core/qprof/atomic_ops/sysdeps/emul_cas.h">
			<Option target="Debug" />
			<Option target="Release" />
		</Unit>
		<Unit filename="saya/core/qprof/atomic_ops/sysdeps/gcc/alpha.h">
			<Option target="Debug" />
			<Option target="Release" />
		</Unit>
		<Unit filename="saya/core/qprof/atomic_ops/sysdeps/gcc/arm.h">
			<Option target="Debug" />
			<Option target="Release" />
		</Unit>
		<Unit filename="saya/core/qprof/atomic_ops/sysdeps/gcc/hppa.h">
			<Option target="Debug" />
			<Option target="Release" />
		</Unit>
		<Unit filename="saya/core/qprof/atomic_ops/sysdeps/gcc/ia64.h">
			<Option target="Debug" />
			<Option target="Release" />
		</Unit>
		<Unit filename="saya/core/qprof/atomic_ops/sysdeps/gcc/m68k.h">
			<Option target="Debug" />
			<Option target="Release" />
		</Unit>
		<Unit filename="saya/core/qprof/atomic_ops/sysdeps/gcc/powerpc.h">
			<Option target="Debug" />
			<Option target="Release" />
		</Unit>
		<Unit filename="saya/core/qprof/atomic_ops/sysdeps/gcc/s390.h">
			<Option target="Debug" />
			<Option target="Release" />
		</Unit>
		<Unit filename="saya/core/qprof/atomic_ops/sysdeps/gcc/sparc.h">
			<Option target="Debug" />
			<Option target="Release" />
		</Unit>
		<Unit filename="saya/core/qprof/atomic_ops/sysdeps/gcc/x86.h">
			<Option target="Debug" />
			<Option target="Release" />
		</Unit>
		<Unit filename="saya/core/qprof/atomic_ops/sysdeps/generic_pthread.h">
			<Option target="Debug" />
			<Option target="Release" />
		</Unit>
		<Unit filename="saya/core/qprof/atomic_ops/sysdeps/hpc/hppa.h">
			<Option target="Debug" />
			<Option target="Release" />
		</Unit>
		<Unit filename="saya/core/qprof/atomic_ops/sysdeps/hpc/ia64.h">
			<Option target="Debug" />
			<Option target="Release" />
		</Unit>
		<Unit filename="saya/core/qprof/atomic_ops/sysdeps/msftc/x86.h">
			<Option target="Debug" />
			<Option target="Release" />
		</Unit>
		<Unit filename="saya/core/qprof/atomic_ops/sysdeps/ordered.h">
			<Option target="Debug" />
			<Option target="Release" />
		</Unit>
		<Unit filename="saya/core/qprof/atomic_ops/sysdeps/ordered_except_wr.h">
			<Option target="Debug" />
			<Option target="Release" />
		</Unit>
		<Unit filename="saya/core/sentryfuncs.cpp">
			<Option weight="10" />
			<Option target="Debug" />
			<Option target="Release" />
		</Unit>
		<Unit filename="saya/core/sentryfuncs.h">
			<Option target="Debug" />
			<Option target="Release" />
		</Unit>
		<Unit filename="saya/core/sigslot.cpp">
			<Option target="Debug" />
			<Option target="Release" />
		</Unit>
		<Unit filename="saya/core/sigslot.h">
			<Option target="Debug" />
			<Option target="Release" />
		</Unit>
		<Unit filename="saya/core/sybitmap.cpp">
			<Option weight="10" />
			<Option target="Debug" />
			<Option target="Release" />
		</Unit>
		<Unit filename="saya/core/sybitmap.h">
			<Option target="Debug" />
			<Option target="Release" />
		</Unit>
		<Unit filename="saya/core/sybitmapcopier.cpp">
			<Option weight="10" />
			<Option target="Debug" />
			<Option target="Release" />
		</Unit>
		<Unit filename="saya/core/sybitmapcopier.h">
			<Option target="Debug" />
			<Option target="Release" />
		</Unit>
		<Unit filename="saya/core/sybitmapsink.cpp">
			<Option target="Debug" />
			<Option target="Release" />
		</Unit>
		<Unit filename="saya/core/sybitmapsink.h">
			<Option target="Debug" />
			<Option target="Release" />
		</Unit>
		<Unit filename="saya/core/systring.cpp">
			<Option weight="10" />
			<Option target="Debug" />
			<Option target="Release" />
		</Unit>
		<Unit filename="saya/core/systring.h">
			<Option target="Debug" />
			<Option target="Release" />
		</Unit>
		<Unit filename="saya/core/sythread.cpp">
			<Option weight="10" />
			<Option target="Debug" />
			<Option target="Release" />
		</Unit>
		<Unit filename="saya/core/sythread.h">
			<Option target="Debug" />
			<Option target="Release" />
		</Unit>
		<Unit filename="saya/core/videocolorformat.h">
			<Option target="Debug" />
			<Option target="Release" />
		</Unit>
		<Unit filename="saya/core/videoinputdevice.cpp">
			<Option weight="10" />
			<Option target="Debug" />
			<Option target="Release" />
		</Unit>
		<Unit filename="saya/core/videoinputdevice.h">
			<Option target="Debug" />
			<Option target="Release" />
		</Unit>
		<Unit filename="saya/core/videooutputdevice.cpp">
			<Option weight="10" />
			<Option target="Debug" />
			<Option target="Release" />
		</Unit>
		<Unit filename="saya/core/videooutputdevice.h">
			<Option target="Debug" />
			<Option target="Release" />
		</Unit>
		<Unit filename="saya/inputmonitor.cpp">
			<Option weight="20" />
			<Option target="Debug" />
			<Option target="Release" />
		</Unit>
		<Unit filename="saya/inputmonitor.h">
			<Option target="Debug" />
			<Option target="Release" />
		</Unit>
		<Unit filename="saya/playbackmanager.cpp">
			<Option target="Debug" />
			<Option target="Release" />
		</Unit>
		<Unit filename="saya/playbackmanager.h">
			<Option target="Debug" />
			<Option target="Release" />
		</Unit>
		<Unit filename="saya/presetmanager.cpp">
			<Option weight="20" />
			<Option target="Debug" />
			<Option target="Release" />
		</Unit>
		<Unit filename="saya/presetmanager.h">
			<Option target="Debug" />
			<Option target="Release" />
		</Unit>
		<Unit filename="saya/projectmanager.cpp">
			<Option weight="20" />
			<Option target="Debug" />
			<Option target="Release" />
		</Unit>
		<Unit filename="saya/projectmanager.h">
			<Option target="Debug" />
			<Option target="Release" />
		</Unit>
		<Unit filename="saya/recentfileslist.cpp">
			<Option weight="20" />
			<Option target="Debug" />
			<Option target="Release" />
		</Unit>
		<Unit filename="saya/recentfileslist.h">
			<Option target="Debug" />
			<Option target="Release" />
		</Unit>
		<Unit filename="saya/saya_events.h">
			<Option target="Debug" />
			<Option target="Release" />
		</Unit>
		<Unit filename="saya/timeline/avclip.cpp">
			<Option weight="20" />
			<Option target="Debug" />
			<Option target="Release" />
		</Unit>
		<Unit filename="saya/timeline/avclip.h">
			<Option target="Debug" />
			<Option target="Release" />
		</Unit>
		<Unit filename="saya/timeline/avclips.h">
			<Option target="Debug" />
			<Option target="Release" />
		</Unit>
		<Unit filename="saya/timeline/avcommon.h">
			<Option target="Debug" />
			<Option target="Release" />
		</Unit>
		<Unit filename="saya/timeline/aveffect.cpp">
			<Option weight="20" />
			<Option target="Debug" />
			<Option target="Release" />
		</Unit>
		<Unit filename="saya/timeline/aveffect.h">
			<Option target="Debug" />
			<Option target="Release" />
		</Unit>
		<Unit filename="saya/timeline/aveffectdeclaration.cpp">
			<Option weight="20" />
			<Option target="Debug" />
			<Option target="Release" />
		</Unit>
		<Unit filename="saya/timeline/aveffectdeclaration.h">
			<Option target="Debug" />
			<Option target="Release" />
		</Unit>
		<Unit filename="saya/timeline/aveffectparamdeclaration.cpp">
			<Option weight="20" />
			<Option target="Debug" />
			<Option target="Release" />
		</Unit>
		<Unit filename="saya/timeline/aveffectparamdeclaration.h">
			<Option target="Debug" />
			<Option target="Release" />
		</Unit>
		<Unit filename="saya/timeline/aveffectparamdeclarations.h">
			<Option target="Debug" />
			<Option target="Release" />
		</Unit>
		<Unit filename="saya/timeline/aveffects.h">
			<Option target="Debug" />
			<Option target="Release" />
		</Unit>
		<Unit filename="saya/timeline/avresource.cpp">
			<Option weight="20" />
			<Option target="Debug" />
			<Option target="Release" />
		</Unit>
		<Unit filename="saya/timeline/avresource.h">
			<Option target="Debug" />
			<Option target="Release" />
		</Unit>
		<Unit filename="saya/timeline/avresources.h">
			<Option target="Debug" />
			<Option target="Release" />
		</Unit>
		<Unit filename="saya/timeline/avsequence.cpp">
			<Option weight="20" />
			<Option target="Debug" />
			<Option target="Release" />
		</Unit>
		<Unit filename="saya/timeline/avsequence.h">
			<Option target="Debug" />
			<Option target="Release" />
		</Unit>
		<Unit filename="saya/timeline/avsettings.cpp">
			<Option weight="20" />
			<Option target="Debug" />
			<Option target="Release" />
		</Unit>
		<Unit filename="saya/timeline/avsettings.h">
			<Option target="Debug" />
			<Option target="Release" />
		</Unit>
		<Unit filename="saya/timeline/avtimeline.h">
			<Option target="Debug" />
			<Option target="Release" />
		</Unit>
		<Unit filename="saya/timeline/avtrack.cpp">
			<Option weight="20" />
			<Option target="Debug" />
			<Option target="Release" />
		</Unit>
		<Unit filename="saya/timeline/avtrack.h">
			<Option target="Debug" />
			<Option target="Release" />
		</Unit>
		<Unit filename="saya/timeline/avtracks.h">
			<Option target="Debug" />
			<Option target="Release" />
		</Unit>
		<Unit filename="saya/timeline/avtransition.cpp">
			<Option weight="20" />
			<Option target="Debug" />
			<Option target="Release" />
		</Unit>
		<Unit filename="saya/timeline/avtransition.h">
			<Option target="Debug" />
			<Option target="Release" />
		</Unit>
		<Unit filename="saya/timeline/fxparameterlist.h">
			<Option target="Debug" />
			<Option target="Release" />
		</Unit>
		<Unit filename="saya/timeline/serializable.cpp">
			<Option weight="20" />
			<Option target="Debug" />
			<Option target="Release" />
		</Unit>
		<Unit filename="saya/timeline/serializable.h">
			<Option target="Debug" />
			<Option target="Release" />
		</Unit>
		<Unit filename="saya/timeline/serialized.cpp">
			<Option weight="20" />
			<Option target="Debug" />
			<Option target="Release" />
		</Unit>
		<Unit filename="saya/timeline/serialized.h">
			<Option target="Debug" />
			<Option target="Release" />
		</Unit>
		<Unit filename="saya/timeline/smap.cpp">
			<Option weight="20" />
			<Option target="Debug" />
			<Option target="Release" />
		</Unit>
		<Unit filename="saya/timeline/smap.h">
			<Option target="Debug" />
			<Option target="Release" />
		</Unit>
		<Unit filename="saya/timeline/smapxstr.cpp">
			<Option weight="20" />
			<Option target="Debug" />
			<Option target="Release" />
		</Unit>
		<Unit filename="saya/timeline/smapxstr.h">
			<Option target="Debug" />
			<Option target="Release" />
		</Unit>
		<Unit filename="saya/timeline/sstrvector.cpp">
			<Option weight="20" />
			<Option target="Debug" />
			<Option target="Release" />
		</Unit>
		<Unit filename="saya/timeline/sstrvector.h">
			<Option target="Debug" />
			<Option target="Release" />
		</Unit>
		<Unit filename="saya/timeline/svector.h">
			<Option target="Debug" />
			<Option target="Release" />
		</Unit>
		<Unit filename="saya/tinyxml/tinyxml.cpp">
			<Option weight="30" />
			<Option target="Debug" />
			<Option target="Release" />
		</Unit>
		<Unit filename="saya/tinyxml/tinyxml.h">
			<Option target="Debug" />
			<Option target="Release" />
		</Unit>
		<Unit filename="saya/tinyxml/tinyxmlerror.cpp">
			<Option weight="30" />
			<Option target="Debug" />
			<Option target="Release" />
		</Unit>
		<Unit filename="saya/tinyxml/tinyxmlparser.cpp">
			<Option weight="30" />
			<Option target="Debug" />
			<Option target="Release" />
		</Unit>
		<Unit filename="saya/undohistory.cpp">
			<Option weight="20" />
			<Option target="Debug" />
			<Option target="Release" />
		</Unit>
		<Unit filename="saya/undohistory.h">
			<Option target="Debug" />
			<Option target="Release" />
		</Unit>
		<Unit filename="saya/vidproject.cpp">
			<Option weight="20" />
			<Option target="Debug" />
			<Option target="Release" />
		</Unit>
		<Unit filename="saya/vidproject.h">
			<Option target="Debug" />
			<Option target="Release" />
		</Unit>
		<Unit filename="todo.txt">
			<Option target="Debug" />
			<Option target="Release" />
		</Unit>
		<Unit filename="ui/app.cpp">
			<Option weight="100" />
			<Option target="Debug" />
			<Option target="Release" />
		</Unit>
		<Unit filename="ui/app.h">
			<Option target="Debug" />
			<Option target="Release" />
		</Unit>
		<Unit filename="ui/config.cpp">
			<Option target="Debug" />
			<Option target="Release" />
		</Unit>
		<Unit filename="ui/config.h">
			<Option target="Debug" />
			<Option target="Release" />
		</Unit>
		<Unit filename="ui/debuglog.cpp">
			<Option target="Debug" />
			<Option target="Release" />
		</Unit>
		<Unit filename="ui/debuglog.h">
			<Option target="Debug" />
			<Option target="Release" />
		</Unit>
		<Unit filename="ui/main.cpp">
			<Option weight="100" />
			<Option target="Debug" />
			<Option target="Release" />
		</Unit>
		<Unit filename="ui/main.h">
			<Option target="Debug" />
			<Option target="Release" />
		</Unit>
		<Unit filename="ui/moc/main.moc.h">
			<Option target="Debug" />
			<Option target="Release" />
		</Unit>
		<Unit filename="ui/moc/main.moc_trigger">
			<Option compile="1" />
			<Option weight="0" />
			<Option compiler="gcc" use="1" buildCommand="moc-qt4 ui/main.cpp -o ui/moc/main.moc.h" />
			<Option target="Debug" />
			<Option target="Release" />
		</Unit>
		<Unit filename="ui/moc/newprojectdlg.moc.h">
			<Option target="Debug" />
			<Option target="Release" />
		</Unit>
		<Unit filename="ui/moc/newprojectdlg.moc_trigger">
			<Option compile="1" />
			<Option weight="0" />
			<Option compiler="gcc" use="1" buildCommand="moc-qt4 -i ui/newprojectdlg.cpp -o ui/moc/newprojectdlg.moc.h" />
			<Option target="Debug" />
			<Option target="Release" />
		</Unit>
		<Unit filename="ui/moc/projectpane.moc.h">
			<Option target="Debug" />
			<Option target="Release" />
		</Unit>
		<Unit filename="ui/moc/projectpane.moc_trigger">
			<Option compile="1" />
			<Option weight="0" />
			<Option compiler="gcc" use="1" buildCommand="moc-qt4 ui/projectpane.cpp -o ui/moc/projectpane.moc.h" />
			<Option target="Debug" />
			<Option target="Release" />
		</Unit>
		<Unit filename="ui/newprojectdlg.cpp">
			<Option target="Debug" />
			<Option target="Release" />
		</Unit>
		<Unit filename="ui/newprojectdlg.h">
			<Option target="Debug" />
			<Option target="Release" />
		</Unit>
		<Unit filename="ui/picknamedlg.cpp">
			<Option target="Debug" />
			<Option target="Release" />
		</Unit>
		<Unit filename="ui/picknamedlg.h">
			<Option target="Debug" />
			<Option target="Release" />
		</Unit>
		<Unit filename="ui/projectpane.cpp">
			<Option target="Debug" />
			<Option target="Release" />
		</Unit>
		<Unit filename="ui/projectpane.h">
			<Option target="Debug" />
			<Option target="Release" />
		</Unit>
		<Unit filename="ui/resources.cpp">
			<Option target="Debug" />
			<Option target="Release" />
		</Unit>
		<Unit filename="ui/resources.h">
			<Option target="Debug" />
			<Option target="Release" />
		</Unit>
		<Unit filename="ui/ui/main.ui.h">
			<Option target="Debug" />
			<Option target="Release" />
		</Unit>
		<Unit filename="ui/ui/newprojectdlg.ui.h">
			<Option target="Debug" />
			<Option target="Release" />
		</Unit>
		<Unit filename="ui/ui/projectpane.ui.h">
			<Option target="Debug" />
			<Option target="Release" />
		</Unit>
		<Unit filename="ui/ui/welcomedlg.ui.h">
			<Option target="Debug" />
			<Option target="Release" />
		</Unit>
		<Unit filename="ui/welcomedlg.cpp">
			<Option target="Debug" />
			<Option target="Release" />
		</Unit>
		<Unit filename="ui/welcomedlg.h">
			<Option target="Debug" />
			<Option target="Release" />
		</Unit>
		<Unit filename="ui/widgets/generic/action.cpp">
			<Option target="Debug" />
			<Option target="Release" />
		</Unit>
		<Unit filename="ui/widgets/generic/action.h">
			<Option target="Debug" />
			<Option target="Release" />
		</Unit>
		<Unit filename="ui/widgets/generic/combobox.cpp">
			<Option target="Debug" />
			<Option target="Release" />
		</Unit>
		<Unit filename="ui/widgets/generic/combobox.h">
			<Option target="Debug" />
			<Option target="Release" />
		</Unit>
		<Unit filename="ui/widgets/generic/lineedit.cpp">
			<Option target="Debug" />
			<Option target="Release" />
		</Unit>
		<Unit filename="ui/widgets/generic/lineedit.h">
			<Option target="Debug" />
			<Option target="Release" />
		</Unit>
		<Unit filename="ui/widgets/generic/menu.cpp">
			<Option target="Debug" />
			<Option target="Release" />
		</Unit>
		<Unit filename="ui/widgets/generic/menu.h">
			<Option target="Debug" />
			<Option target="Release" />
		</Unit>
		<Unit filename="ui/widgets/generic/moc/action.moc_trigger">
			<Option compile="1" />
			<Option weight="0" />
			<Option compiler="gcc" use="1" buildCommand="moc-qt4 -i ui/widgets/generic/action.h -o ui/widgets/generic/moc/action.moc.h" />
			<Option target="moc" />
		</Unit>
		<Unit filename="ui/widgets/generic/moc/combobox.moc_trigger">
			<Option compile="1" />
			<Option weight="0" />
			<Option compiler="gcc" use="1" buildCommand="moc-qt4 -i ui/widgets/generic/combobox.h -o ui/widgets/generic/moc/combobox.moc.h" />
			<Option target="moc" />
		</Unit>
		<Unit filename="ui/widgets/generic/moc/lineedit.moc_trigger">
			<Option compile="1" />
			<Option weight="0" />
			<Option compiler="gcc" use="1" buildCommand="moc-qt4 -i ui/widgets/generic/lineedit.h -o ui/widgets/generic/moc/lineedit.moc.h" />
			<Option target="moc" />
		</Unit>
		<Unit filename="ui/widgets/generic/moc/menu.moc_trigger">
			<Option compile="1" />
			<Option weight="0" />
			<Option compiler="gcc" use="1" buildCommand="moc-qt4 -i ui/widgets/generic/menu.h -o ui/widgets/generic/moc/menu.moc.h" />
			<Option target="moc" />
		</Unit>
		<Unit filename="ui/widgets/generic/moc/pushbutton.moc_trigger">
			<Option compile="1" />
			<Option weight="0" />
			<Option compiler="gcc" use="1" buildCommand="moc-qt4 -i ui/widgets/generic/pushbutton.h -o ui/widgets/generic/moc/pushbutton.moc.h" />
			<Option target="moc" />
		</Unit>
		<Unit filename="ui/widgets/generic/moc/slider.moc_trigger">
			<Option compile="1" />
			<Option weight="0" />
			<Option compiler="gcc" use="1" buildCommand="moc-qt4 -i ui/widgets/generic/slider.h -o ui/widgets/generic/moc/slider.moc.h" />
			<Option target="moc" />
		</Unit>
		<Unit filename="ui/widgets/generic/moc/spinbox.moc_trigger">
			<Option compile="1" />
			<Option weight="0" />
			<Option compiler="gcc" use="1" buildCommand="moc-qt4 -i ui/widgets/generic/spinbox.h -o ui/widgets/generic/moc/spinbox.moc.h" />
			<Option target="moc" />
		</Unit>
		<Unit filename="ui/widgets/generic/moc/textbrowser.moc_trigger">
			<Option compile="1" />
			<Option weight="0" />
			<Option compiler="gcc" use="1" buildCommand="moc-qt4 -i ui/widgets/generic/textbrowser.h -o ui/widgets/generic/moc/textbrowser.moc.h" />
			<Option target="moc" />
		</Unit>
		<Unit filename="ui/widgets/generic/moc/textedit.moc_trigger">
			<Option compile="1" />
			<Option weight="0" />
			<Option compiler="gcc" use="1" buildCommand="moc-qt4 -i ui/widgets/generic/textedit.h -o ui/widgets/generic/moc/textedit.moc.h" />
			<Option target="moc" />
		</Unit>
		<Unit filename="ui/widgets/generic/moc/widget.moc_trigger">
			<Option compile="1" />
			<Option weight="0" />
			<Option compiler="gcc" use="1" buildCommand="moc-qt4 -i ui/widgets/generic/widget.h -o ui/widgets/generic/moc/widget.moc.h" />
			<Option target="moc" />
		</Unit>
		<Unit filename="ui/widgets/generic/pushbutton.cpp">
			<Option target="Debug" />
			<Option target="Release" />
		</Unit>
		<Unit filename="ui/widgets/generic/pushbutton.h">
			<Option target="Debug" />
			<Option target="Release" />
		</Unit>
		<Unit filename="ui/widgets/generic/sigslot.h">
			<Option target="Debug" />
			<Option target="Release" />
		</Unit>
		<Unit filename="ui/widgets/generic/slider.cpp">
			<Option target="Debug" />
			<Option target="Release" />
		</Unit>
		<Unit filename="ui/widgets/generic/slider.h">
			<Option target="Debug" />
			<Option target="Release" />
		</Unit>
		<Unit filename="ui/widgets/generic/spinbox.cpp">
			<Option target="Debug" />
			<Option target="Release" />
		</Unit>
		<Unit filename="ui/widgets/generic/spinbox.h">
			<Option target="Debug" />
			<Option target="Release" />
		</Unit>
		<Unit filename="ui/widgets/generic/textbrowser.cpp">
			<Option target="Debug" />
			<Option target="Release" />
		</Unit>
		<Unit filename="ui/widgets/generic/textbrowser.h">
			<Option target="Debug" />
			<Option target="Release" />
		</Unit>
		<Unit filename="ui/widgets/generic/textedit.cpp">
			<Option target="Debug" />
			<Option target="Release" />
		</Unit>
		<Unit filename="ui/widgets/generic/textedit.h">
			<Option target="Debug" />
			<Option target="Release" />
		</Unit>
		<Unit filename="ui/widgets/generic/widget.cpp">
			<Option target="Debug" />
			<Option target="Release" />
		</Unit>
		<Unit filename="ui/widgets/generic/widget.h">
			<Option target="Debug" />
			<Option target="Release" />
		</Unit>
		<Unit filename="ui/widgets/jog_ctrl/jog_ctrl.cpp">
			<Option target="Debug" />
			<Option target="Release" />
		</Unit>
		<Unit filename="ui/widgets/jog_ctrl/jog_ctrl.h">
			<Option target="Debug" />
			<Option target="Release" />
		</Unit>
		<Unit filename="ui/widgets/playbackcontrol/moc/playbackcontrol.moc_trigger">
			<Option compile="1" />
			<Option weight="0" />
			<Option compiler="gcc" use="1" buildCommand="moc-qt4 -i ui/widgets/playbackcontrol/playbackcontrol.h -o ui/widgets/playbackcontrol/moc/playbackcontrol.moc.h" />
			<Option target="Debug" />
			<Option target="Release" />
		</Unit>
		<Unit filename="ui/widgets/playbackcontrol/moc/playbackcontrol_data.moc_trigger">
			<Option compile="1" />
			<Option weight="0" />
			<Option compiler="gcc" use="1" buildCommand="moc-qt4 -i ui/widgets/playbackcontrol/playbackcontrol.cpp -o ui/widgets/playbackcontrol/moc/playbackcontrol_data.moc.h" />
			<Option target="Debug" />
			<Option target="Release" />
		</Unit>
		<Unit filename="ui/widgets/playbackcontrol/playbackcontrol.cpp">
			<Option target="Debug" />
			<Option target="Release" />
		</Unit>
		<Unit filename="ui/widgets/playbackcontrol/playbackcontrol.h">
			<Option target="Debug" />
			<Option target="Release" />
		</Unit>
		<Unit filename="ui/widgets/tubeslider/tubeslider.cpp">
			<Option target="Debug" />
			<Option target="Release" />
		</Unit>
		<Unit filename="ui/widgets/tubeslider/tubeslider.h">
			<Option target="Debug" />
			<Option target="Release" />
		</Unit>
		<Unit filename="ui/widgets/videopanel/videopanel.cpp">
			<Option target="Debug" />
			<Option target="Release" />
		</Unit>
		<Unit filename="ui/widgets/videopanel/videopanel.h">
			<Option target="Debug" />
			<Option target="Release" />
		</Unit>
		<Unit filename="ui/widgets/videoplaybackcontrol/moc/videoplaybackcontrol_data.moc_trigger">
			<Option compile="1" />
			<Option weight="0" />
			<Option compiler="gcc" use="1" buildCommand="moc-qt4 -i ui/widgets/videoplaybackcontrol/videoplaybackcontrol.cpp -o ui/widgets/videoplaybackcontrol/moc/videoplaybackcontrol_data.moc.h" />
			<Option target="Debug" />
			<Option target="Release" />
		</Unit>
		<Unit filename="ui/widgets/videoplaybackcontrol/videoplaybackcontrol.cpp">
			<Option target="Debug" />
			<Option target="Release" />
		</Unit>
		<Unit filename="ui/widgets/videoplaybackcontrol/videoplaybackcontrol.h">
			<Option target="Debug" />
			<Option target="Release" />
		</Unit>
		<Extensions>
			<code_completion />
			<debugger />
			<envvars />
		</Extensions>
	</Project>
</CodeBlocks_project_file>
