<?xml version="1.0" encoding="UTF-8" standalone="yes" ?>
<CodeBlocks_project_file>
	<FileVersion major="1" minor="6" />
	<Project>
		<Option title="ThreadTest" />
		<Option pch_mode="2" />
		<Option compiler="gcc" />
		<Build>
			<Target title="Test1">
				<Option output="Test1" prefix_auto="1" extension_auto="1" />
				<Option type="1" />
				<Option compiler="gcc" />
				<Compiler>
					<Add option="-g" />
				</Compiler>
			</Target>
			<Target title="Test2">
				<Option output="Test2" prefix_auto="1" extension_auto="1" />
				<Option type="1" />
				<Option compiler="gcc" />
				<Option use_console_runner="0" />
			</Target>
		</Build>
		<Compiler>
			<Add option="-Wall" />
			<Add option="-fexceptions" />
		</Compiler>
		<Unit filename="../saya/core/aborter.cpp" />
		<Unit filename="../saya/core/aborter.h" />
		<Unit filename="../saya/core/atomic.h" />
		<Unit filename="../saya/core/audiobuffer.cpp" />
		<Unit filename="../saya/core/audiobuffer.h" />
		<Unit filename="../saya/core/audioinputdevice.cpp" />
		<Unit filename="../saya/core/audioinputdevice.h" />
		<Unit filename="../saya/core/audiooutputdevice.cpp" />
		<Unit filename="../saya/core/audiooutputdevice.h" />
		<Unit filename="../saya/core/avcontroller.cpp" />
		<Unit filename="../saya/core/avcontroller.h" />
		<Unit filename="../saya/core/avdevice.cpp" />
		<Unit filename="../saya/core/avdevice.h" />
		<Unit filename="../saya/core/iocommon.cpp" />
		<Unit filename="../saya/core/iocommon.h" />
		<Unit filename="../saya/core/qprof/atomic_ops.h" />
		<Unit filename="../saya/core/qprof/atomic_ops/generalize.h" />
		<Unit filename="../saya/core/qprof/atomic_ops/sysdeps/acquire_release_volatile.h" />
		<Unit filename="../saya/core/qprof/atomic_ops/sysdeps/aligned_atomic_load_store.h" />
		<Unit filename="../saya/core/qprof/atomic_ops/sysdeps/atomic_load_store.h" />
		<Unit filename="../saya/core/qprof/atomic_ops/sysdeps/ecc/ia64.h" />
		<Unit filename="../saya/core/qprof/atomic_ops/sysdeps/emul_cas.h" />
		<Unit filename="../saya/core/qprof/atomic_ops/sysdeps/gcc/alpha.h" />
		<Unit filename="../saya/core/qprof/atomic_ops/sysdeps/gcc/arm.h" />
		<Unit filename="../saya/core/qprof/atomic_ops/sysdeps/gcc/hppa.h" />
		<Unit filename="../saya/core/qprof/atomic_ops/sysdeps/gcc/ia64.h" />
		<Unit filename="../saya/core/qprof/atomic_ops/sysdeps/gcc/m68k.h" />
		<Unit filename="../saya/core/qprof/atomic_ops/sysdeps/gcc/powerpc.h" />
		<Unit filename="../saya/core/qprof/atomic_ops/sysdeps/gcc/s390.h" />
		<Unit filename="../saya/core/qprof/atomic_ops/sysdeps/gcc/sparc.h" />
		<Unit filename="../saya/core/qprof/atomic_ops/sysdeps/gcc/x86.h" />
		<Unit filename="../saya/core/qprof/atomic_ops/sysdeps/generic_pthread.h" />
		<Unit filename="../saya/core/qprof/atomic_ops/sysdeps/hpc/hppa.h" />
		<Unit filename="../saya/core/qprof/atomic_ops/sysdeps/hpc/ia64.h" />
		<Unit filename="../saya/core/qprof/atomic_ops/sysdeps/msftc/x86.h" />
		<Unit filename="../saya/core/qprof/atomic_ops/sysdeps/ordered.h" />
		<Unit filename="../saya/core/qprof/atomic_ops/sysdeps/ordered_except_wr.h" />
		<Unit filename="../saya/core/sentryfuncs.cpp" />
		<Unit filename="../saya/core/sentryfuncs.h" />
		<Unit filename="../saya/core/sybitmap.cpp" />
		<Unit filename="../saya/core/sybitmap.h" />
		<Unit filename="../saya/core/sybitmapcopier.cpp" />
		<Unit filename="../saya/core/sybitmapcopier.h" />
		<Unit filename="../saya/core/sythread.cpp" />
		<Unit filename="../saya/core/sythread.h" />
		<Unit filename="../saya/core/videocolorformat.h" />
		<Unit filename="../saya/core/videoinputdevice.cpp" />
		<Unit filename="../saya/core/videoinputdevice.h" />
		<Unit filename="../saya/core/videooutputdevice.cpp" />
		<Unit filename="../saya/core/videooutputdevice.h" />
		<Unit filename="Test1.cpp">
			<Option target="Test1" />
		</Unit>
		<Unit filename="Test2.cpp">
			<Option target="Test2" />
		</Unit>
		<Extensions>
			<code_completion />
			<envvars />
			<debugger />
		</Extensions>
	</Project>
</CodeBlocks_project_file>
